// !$*UTF8*$!
{
	archiveVersion = 1;
	classes = {
	};
	objectVersion = 56;
	objects = {

/* Begin PBXBuildFile section */
		30C08D5F729F401A827EDF6A /* AiOSApp.swift in Sources */ = {isa = PBXBuildFile; fileRef = 9EA038D701E84523813C55DB /* AiOSApp.swift */; };
		2602AE16566C467A93119843 /* ContentView.swift in Sources */ = {isa = PBXBuildFile; fileRef = 18383A24EA3F4194927BF8B6 /* ContentView.swift */; };
		A6706FCBA55642F7AA2EE3C8 /* MainTabView.swift in Sources */ = {isa = PBXBuildFile; fileRef = 6CEBA78AA4464910B4DB6D72 /* MainTabView.swift */; };
		495D66E74E23437CA611D248 /* AuthManager.swift in Sources */ = {isa = PBXBuildFile; fileRef = 1B67F996C7AB409396476F91 /* AuthManager.swift */; };
		A326D4D01B764C2094F7514F /* DataModels.swift in Sources */ = {isa = PBXBuildFile; fileRef = 0817EF85C6A7405F9FD63C84 /* DataModels.swift */; };
		0A9A3420AFDD4181AEEE1502 /* APIClient.swift in Sources */ = {isa = PBXBuildFile; fileRef = 8BD2C9471BEF46F19E3EAE8B /* APIClient.swift */; };
		BA5AFDB935E345189F8566CE /* AgentView.swift in Sources */ = {isa = PBXBuildFile; fileRef = AAA14854D69E4B57A65773E8 /* AgentView.swift */; };
		C37BB2A5EC734A578E0353CD /* LoginView.swift in Sources */ = {isa = PBXBuildFile; fileRef = 221CDD366D414182B1E7C490 /* LoginView.swift */; };
		2F4475CF5509410DAFD3E849 /* ChatView.swift in Sources */ = {isa = PBXBuildFile; fileRef = B90B3F7D1A4248108147C679 /* ChatView.swift */; };
		11CB3972954740029A75344C /* SettingsView.swift in Sources */ = {isa = PBXBuildFile; fileRef = 11396CAAFA4C43A2B5D95817 /* SettingsView.swift */; };
/* End PBXBuildFile section */

/* Begin PBXFileReference section */
		9EA038D701E84523813C55DB /* AiOSApp.swift */ = {isa = PBXFileReference; lastKnownFileType = sourcecode.swift; path = AiOSApp.swift; sourceTree = "<group>"; };
		18383A24EA3F4194927BF8B6 /* ContentView.swift */ = {isa = PBXFileReference; lastKnownFileType = sourcecode.swift; path = ContentView.swift; sourceTree = "<group>"; };
		6CEBA78AA4464910B4DB6D72 /* MainTabView.swift */ = {isa = PBXFileReference; lastKnownFileType = sourcecode.swift; path = MainTabView.swift; sourceTree = "<group>"; };
		1B67F996C7AB409396476F91 /* AuthManager.swift */ = {isa = PBXFileReference; lastKnownFileType = sourcecode.swift; path = AuthManager.swift; sourceTree = "<group>"; };
		0817EF85C6A7405F9FD63C84 /* DataModels.swift */ = {isa = PBXFileReference; lastKnownFileType = sourcecode.swift; path = DataModels.swift; sourceTree = "<group>"; };
		8BD2C9471BEF46F19E3EAE8B /* APIClient.swift */ = {isa = PBXFileReference; lastKnownFileType = sourcecode.swift; path = APIClient.swift; sourceTree = "<group>"; };
		AAA14854D69E4B57A65773E8 /* AgentView.swift */ = {isa = PBXFileReference; lastKnownFileType = sourcecode.swift; path = AgentView.swift; sourceTree = "<group>"; };
		221CDD366D414182B1E7C490 /* LoginView.swift */ = {isa = PBXFileReference; lastKnownFileType = sourcecode.swift; path = LoginView.swift; sourceTree = "<group>"; };
		B90B3F7D1A4248108147C679 /* ChatView.swift */ = {isa = PBXFileReference; lastKnownFileType = sourcecode.swift; path = ChatView.swift; sourceTree = "<group>"; };
		11396CAAFA4C43A2B5D95817 /* SettingsView.swift */ = {isa = PBXFileReference; lastKnownFileType = sourcecode.swift; path = SettingsView.swift; sourceTree = "<group>"; };
		613FE0DAF9A943E1AD2A3B26 /* Info.plist */ = {isa = PBXFileReference; lastKnownFileType = text.plist.xml; path = Info.plist; sourceTree = "<group>"; };
		690A9D11F39E4DDC8A0B31B0 /* AiOS.app */ = {isa = PBXFileReference; explicitFileType = wrapper.application; includeInIndex = 0; path = AiOS.app; sourceTree = BUILT_PRODUCTS_DIR; };
/* End PBXFileReference section */

/* Begin PBXFrameworksBuildPhase section */
		AA18F3691E5F4472BFDAB156 /* Frameworks */ = {
			isa = PBXFrameworksBuildPhase;
			buildActionMask = 2147483647;
			files = (
			);
			runOnlyForDeploymentPostprocessing = 0;
		};
/* End PBXFrameworksBuildPhase section */

/* Begin PBXGroup section */
		91E30912AA304E1ABDCDA2BA = {
			isa = PBXGroup;
			children = (
				B3B55E1FFAF34BBAB86ED0E6 /* AiOS */,
				F96998929984422DB678ACDF /* Products */,
			);
			sourceTree = "<group>";
		};
		F96998929984422DB678ACDF /* Products */ = {
			isa = PBXGroup;
			children = (
				690A9D11F39E4DDC8A0B31B0 /* AiOS.app */,
			);
			name = Products;
			sourceTree = "<group>";
		};
		B3B55E1FFAF34BBAB86ED0E6 /* AiOS */ = {
			isa = PBXGroup;
			children = (
				F4A8342B6BF44EFB9B90C469 /* App */,
				F7A0ABC226F74690AA8F8EC1 /* Core */,
				B20BEF6CA22A44EE938388C3 /* Features */,
				613FE0DAF9A943E1AD2A3B26 /* Info.plist */,
			);
			path = AiOS;
			sourceTree = "<group>";
		};
		F4A8342B6BF44EFB9B90C469 /* App */ = {
			isa = PBXGroup;
			children = (
				9EA038D701E84523813C55DB /* AiOSApp.swift */,
				18383A24EA3F4194927BF8B6 /* ContentView.swift */,
				6CEBA78AA4464910B4DB6D72 /* MainTabView.swift */,
			);
			path = App;
			sourceTree = "<group>";
		};
		F7A0ABC226F74690AA8F8EC1 /* Core */ = {
			isa = PBXGroup;
			children = (
				EC3067D08B0643C8AF8B0B2F /* Auth */,
				6A0BC5C5FC1849278CECB050 /* Models */,
				6BE416EE10914B578C327F03 /* Network */,
			);
			path = Core;
			sourceTree = "<group>";
		};
		EC3067D08B0643C8AF8B0B2F /* Auth */ = {
			isa = PBXGroup;
			children = (
				1B67F996C7AB409396476F91 /* AuthManager.swift */,
			);
			path = Auth;
			sourceTree = "<group>";
		};
		6A0BC5C5FC1849278CECB050 /* Models */ = {
			isa = PBXGroup;
			children = (
				0817EF85C6A7405F9FD63C84 /* DataModels.swift */,
			);
			path = Models;
			sourceTree = "<group>";
		};
		6BE416EE10914B578C327F03 /* Network */ = {
			isa = PBXGroup;
			children = (
				8BD2C9471BEF46F19E3EAE8B /* APIClient.swift */,
			);
			path = Network;
			sourceTree = "<group>";
		};
		B20BEF6CA22A44EE938388C3 /* Features */ = {
			isa = PBXGroup;
			children = (
				10176F8F80BC4D7CA804EF8F /* Agent */,
				11DBC24AF7A84510A029FF35 /* Auth */,
				78342DCE593F4D10A223C7CF /* Chat */,
				5533B883E0D54801B276DA44 /* Settings */,
			);
			path = Features;
			sourceTree = "<group>";
		};
		10176F8F80BC4D7CA804EF8F /* Agent */ = {
			isa = PBXGroup;
			children = (
				AAA14854D69E4B57A65773E8 /* AgentView.swift */,
			);
			path = Agent;
			sourceTree = "<group>";
		};
		11DBC24AF7A84510A029FF35 /* Auth */ = {
			isa = PBXGroup;
			children = (
				221CDD366D414182B1E7C490 /* LoginView.swift */,
			);
			path = Auth;
			sourceTree = "<group>";
		};
		78342DCE593F4D10A223C7CF /* Chat */ = {
			isa = PBXGroup;
			children = (
				B90B3F7D1A4248108147C679 /* ChatView.swift */,
			);
			path = Chat;
			sourceTree = "<group>";
		};
		5533B883E0D54801B276DA44 /* Settings */ = {
			isa = PBXGroup;
			children = (
				11396CAAFA4C43A2B5D95817 /* SettingsView.swift */,
			);
			path = Settings;
			sourceTree = "<group>";
		};
/* End PBXGroup section */

/* Begin PBXNativeTarget section */
		147A19B7B5DC49378C180504 /* AiOS */ = {
			isa = PBXNativeTarget;
			buildConfigurationList = B4FC8F17CA5B4CABBD89FD1F;
			buildPhases = (
				EB4ACDB31AF74D6191508D8F /* Sources */,
				7251BC55D4284A9F84FF8D02 /* Resources */,
				AA18F3691E5F4472BFDAB156 /* Frameworks */,
			);
			buildRules = (
			);
			dependencies = (
			);
			name = AiOS;
			productName = AiOS;
			productReference = 690A9D11F39E4DDC8A0B31B0;
			productType = "com.apple.product-type.application";
		};
/* End PBXNativeTarget section */

/* Begin PBXProject section */
		405C42E4BB5447D89F8FC963 /* Project object */ = {
			isa = PBXProject;
			attributes = {
				BuildIndependentTargetsInParallel = 1;
			};
			buildConfigurationList = B4FC8F17CA5B4CABBD89FD1F;
			compatibilityVersion = "Xcode 14.0";
			developmentRegion = "zh-Hans";
			hasScannedForEncodings = 0;
			knownRegions = (
				"zh-Hans",
				en,
				Base,
			);
			mainGroup = 91E30912AA304E1ABDCDA2BA;
			productRefGroup = F96998929984422DB678ACDF;
			projectDirPath = "";
			projectRoot = "";
			targets = (
				147A19B7B5DC49378C180504,
			);
		};
/* End PBXProject section */

/* Begin PBXResourcesBuildPhase section */
		7251BC55D4284A9F84FF8D02 /* Resources */ = {
			isa = PBXResourcesBuildPhase;
			buildActionMask = 2147483647;
			files = (
			);
			runOnlyForDeploymentPostprocessing = 0;
		};
/* End PBXResourcesBuildPhase section */

/* Begin PBXSourcesBuildPhase section */
		EB4ACDB31AF74D6191508D8F /* Sources */ = {
			isa = PBXSourcesBuildPhase;
			buildActionMask = 2147483647;
			files = (
				30C08D5F729F401A827EDF6A /* AiOSApp.swift in Sources */,
				2602AE16566C467A93119843 /* ContentView.swift in Sources */,
				A6706FCBA55642F7AA2EE3C8 /* MainTabView.swift in Sources */,
				495D66E74E23437CA611D248 /* AuthManager.swift in Sources */,
				A326D4D01B764C2094F7514F /* DataModels.swift in Sources */,
				0A9A3420AFDD4181AEEE1502 /* APIClient.swift in Sources */,
				BA5AFDB935E345189F8566CE /* AgentView.swift in Sources */,
				C37BB2A5EC734A578E0353CD /* LoginView.swift in Sources */,
				2F4475CF5509410DAFD3E849 /* ChatView.swift in Sources */,
				11CB3972954740029A75344C /* SettingsView.swift in Sources */,
			);
			runOnlyForDeploymentPostprocessing = 0;
		};
/* End PBXSourcesBuildPhase section */

/* Begin XCBuildConfiguration section */
		199AFFE385A04C26965A089F /* Debug */ = {
			isa = XCBuildConfiguration;
			buildSettings = {
				CODE_SIGN_IDENTITY = "";
				CODE_SIGNING_ALLOWED = NO;
				CODE_SIGNING_REQUIRED = NO;
				COPY_PHASE_STRIP = NO;
				DEBUG_INFORMATION_FORMAT = dwarf;
				ENABLE_BITCODE = NO;
				ENABLE_STRICT_OBJC_MSGSEND = YES;
				ENABLE_TESTABILITY = YES;
				GCC_C_LANGUAGE_STANDARD = gnu17;
				GCC_DYNAMIC_NO_PIC = NO;
				GCC_NO_COMMON_BLOCKS = YES;
				GCC_OPTIMIZATION_LEVEL = 0;
				GCC_PREPROCESSOR_DEFINITIONS = (
					"DEBUG=1",
					"$(inherited)",
				);
				INFOPLIST_FILE = AiOS/Info.plist;
				IPHONEOS_DEPLOYMENT_TARGET = 16.0;
				MTL_ENABLE_DEBUG_INFO = INCLUDE_SOURCE;
				ONLY_ACTIVE_ARCH = YES;
				SDKROOT = iphoneos;
				SWIFT_ACTIVE_COMPILATION_CONDITIONS = "DEBUG $(inherited)";
				SWIFT_OPTIMIZATION_LEVEL = "-Onone";
			};
			name = Debug;
		};
		8717D489785E47CDB4C83143 /* Release */ = {
			isa = XCBuildConfiguration;
			buildSettings = {
				CODE_SIGN_IDENTITY = "";
				CODE_SIGNING_ALLOWED = NO;
				CODE_SIGNING_REQUIRED = NO;
				COPY_PHASE_STRIP = NO;
				DEBUG_INFORMATION_FORMAT = "dwarf-with-dsym";
				ENABLE_BITCODE = NO;
				ENABLE_NS_ASSERTIONS = NO;
				ENABLE_STRICT_OBJC_MSGSEND = YES;
				GCC_C_LANGUAGE_STANDARD = gnu17;
				GCC_NO_COMMON_BLOCKS = YES;
				INFOPLIST_FILE = AiOS/Info.plist;
				IPHONEOS_DEPLOYMENT_TARGET = 16.0;
				SDKROOT = iphoneos;
				SWIFT_COMPILATION_MODE = wholemodule;
			};
			name = Release;
		};
/* End XCBuildConfiguration section */

/* Begin XCConfigurationList section */
		B4FC8F17CA5B4CABBD89FD1F /* Build configuration list for PBXProject "AiOS" */ = {
			isa = XCConfigurationList;
			buildConfigurations = (
				199AFFE385A04C26965A089F /* Debug */,
				8717D489785E47CDB4C83143 /* Release */,
			);
			defaultConfigurationIsVisible = 0;
			defaultConfigurationName = Release;
		};
/* End XCConfigurationList section */

	};
	rootObject = 405C42E4BB5447D89F8FC963;
}
